// !$*UTF8*$!
{
	archiveVersion = 1;
	classes = {
	};
	objectVersion = 48;
	objects = {

/* Begin PBXBuildFile section */
		20132482206560FC00ADAFEC /* FausseDonneViewController.swift in Sources */ = {isa = PBXBuildFile; fileRef = 20132481206560FC00ADAFEC /* FausseDonneViewController.swift */; };
		203B772E205FEFE8006362C0 /* AppDelegate.swift in Sources */ = {isa = PBXBuildFile; fileRef = 203B772D205FEFE8006362C0 /* AppDelegate.swift */; };
		203B7735205FEFE8006362C0 /* Main.storyboard in Resources */ = {isa = PBXBuildFile; fileRef = 203B7733205FEFE8006362C0 /* Main.storyboard */; };
		203B7737205FEFE8006362C0 /* Assets.xcassets in Resources */ = {isa = PBXBuildFile; fileRef = 203B7736205FEFE8006362C0 /* Assets.xcassets */; };
		203B773A205FEFE8006362C0 /* LaunchScreen.storyboard in Resources */ = {isa = PBXBuildFile; fileRef = 203B7738205FEFE8006362C0 /* LaunchScreen.storyboard */; };
		203B7742206011BE006362C0 /* ScoresTableViewController.swift in Sources */ = {isa = PBXBuildFile; fileRef = 203B7741206011BE006362C0 /* ScoresTableViewController.swift */; };
		203B7744206011F6006362C0 /* DonneViewController.swift in Sources */ = {isa = PBXBuildFile; fileRef = 203B7743206011F6006362C0 /* DonneViewController.swift */; };
		203B77462060124D006362C0 /* PlayersTableViewCell.swift in Sources */ = {isa = PBXBuildFile; fileRef = 203B77452060124D006362C0 /* PlayersTableViewCell.swift */; };
		203B77482060125B006362C0 /* TotalScoreTableViewCell.swift in Sources */ = {isa = PBXBuildFile; fileRef = 203B77472060125B006362C0 /* TotalScoreTableViewCell.swift */; };
		203B774A20601264006362C0 /* DonneScoreTableViewCell.swift in Sources */ = {isa = PBXBuildFile; fileRef = 203B774920601264006362C0 /* DonneScoreTableViewCell.swift */; };
		203B775620601B32006362C0 /* LTDMapi.h in Headers */ = {isa = PBXBuildFile; fileRef = 203B775420601B32006362C0 /* LTDMapi.h */; settings = {ATTRIBUTES = (Public, ); }; };
		203B775920601B32006362C0 /* LTDMapi.framework in Frameworks */ = {isa = PBXBuildFile; fileRef = 203B775220601B32006362C0 /* LTDMapi.framework */; };
		203B775A20601B32006362C0 /* LTDMapi.framework in Embed Frameworks */ = {isa = PBXBuildFile; fileRef = 203B775220601B32006362C0 /* LTDMapi.framework */; settings = {ATTRIBUTES = (CodeSignOnCopy, RemoveHeadersOnCopy, ); }; };
		203B776120601B81006362C0 /* TotalScoreViewModel.swift in Sources */ = {isa = PBXBuildFile; fileRef = 203B776020601B81006362C0 /* TotalScoreViewModel.swift */; };
		203B776320601B9A006362C0 /* ScoresViewModel.swift in Sources */ = {isa = PBXBuildFile; fileRef = 203B776220601B9A006362C0 /* ScoresViewModel.swift */; };
		203B776520601BAC006362C0 /* PlayersViewModel.swift in Sources */ = {isa = PBXBuildFile; fileRef = 203B776420601BAC006362C0 /* PlayersViewModel.swift */; };
		203B776920601C9B006362C0 /* DonneScoreViewModel.swift in Sources */ = {isa = PBXBuildFile; fileRef = 203B776820601C9B006362C0 /* DonneScoreViewModel.swift */; };
		205799422063DFED009B855A /* R.generated.swift in Sources */ = {isa = PBXBuildFile; fileRef = 205799412063DFED009B855A /* R.generated.swift */; };
		207048EC20613C86006BA5D9 /* DonneViewModel.swift in Sources */ = {isa = PBXBuildFile; fileRef = 207048EB20613C86006BA5D9 /* DonneViewModel.swift */; };
		5196E442624B434962C35999 /* Pods_LTDMapi.framework in Frameworks */ = {isa = PBXBuildFile; fileRef = 6507B6D587BA25D4FDD551C4 /* Pods_LTDMapi.framework */; };
		7E8D62AE20701D95007C5DDE /* Model.swift in Sources */ = {isa = PBXBuildFile; fileRef = 7E8D62AD20701D95007C5DDE /* Model.swift */; };
		A9A393C456D51F569D62EE01 /* Pods_Les_Tarots_du_midi.framework in Frameworks */ = {isa = PBXBuildFile; fileRef = 1A7C592B934DEE0CE8583414 /* Pods_Les_Tarots_du_midi.framework */; };
/* End PBXBuildFile section */

/* Begin PBXContainerItemProxy section */
		203B775720601B32006362C0 /* PBXContainerItemProxy */ = {
			isa = PBXContainerItemProxy;
			containerPortal = 203B7722205FEFE8006362C0 /* Project object */;
			proxyType = 1;
			remoteGlobalIDString = 203B775120601B32006362C0;
			remoteInfo = LTDMapi;
		};
/* End PBXContainerItemProxy section */

/* Begin PBXCopyFilesBuildPhase section */
		203B775E20601B32006362C0 /* Embed Frameworks */ = {
			isa = PBXCopyFilesBuildPhase;
			buildActionMask = 2147483647;
			dstPath = "";
			dstSubfolderSpec = 10;
			files = (
				203B775A20601B32006362C0 /* LTDMapi.framework in Embed Frameworks */,
			);
			name = "Embed Frameworks";
			runOnlyForDeploymentPostprocessing = 0;
		};
/* End PBXCopyFilesBuildPhase section */

/* Begin PBXFileReference section */
		059720971034EF62C6284A49 /* Pods-LTDMapi.debug.xcconfig */ = {isa = PBXFileReference; includeInIndex = 1; lastKnownFileType = text.xcconfig; name = "Pods-LTDMapi.debug.xcconfig"; path = "Pods/Target Support Files/Pods-LTDMapi/Pods-LTDMapi.debug.xcconfig"; sourceTree = "<group>"; };
		079E3943615B1950FDDB90CE /* Pods-LTDMapi.release.xcconfig */ = {isa = PBXFileReference; includeInIndex = 1; lastKnownFileType = text.xcconfig; name = "Pods-LTDMapi.release.xcconfig"; path = "Pods/Target Support Files/Pods-LTDMapi/Pods-LTDMapi.release.xcconfig"; sourceTree = "<group>"; };
		1A7C592B934DEE0CE8583414 /* Pods_Les_Tarots_du_midi.framework */ = {isa = PBXFileReference; explicitFileType = wrapper.framework; includeInIndex = 0; path = Pods_Les_Tarots_du_midi.framework; sourceTree = BUILT_PRODUCTS_DIR; };
		20132481206560FC00ADAFEC /* FausseDonneViewController.swift */ = {isa = PBXFileReference; lastKnownFileType = sourcecode.swift; path = FausseDonneViewController.swift; sourceTree = "<group>"; };
		203B772A205FEFE8006362C0 /* Les Tarots du midi.app */ = {isa = PBXFileReference; explicitFileType = wrapper.application; includeInIndex = 0; path = "Les Tarots du midi.app"; sourceTree = BUILT_PRODUCTS_DIR; };
		203B772D205FEFE8006362C0 /* AppDelegate.swift */ = {isa = PBXFileReference; lastKnownFileType = sourcecode.swift; path = AppDelegate.swift; sourceTree = "<group>"; };
		203B7734205FEFE8006362C0 /* Base */ = {isa = PBXFileReference; lastKnownFileType = file.storyboard; name = Base; path = Base.lproj/Main.storyboard; sourceTree = "<group>"; };
		203B7736205FEFE8006362C0 /* Assets.xcassets */ = {isa = PBXFileReference; lastKnownFileType = folder.assetcatalog; path = Assets.xcassets; sourceTree = "<group>"; };
		203B7739205FEFE8006362C0 /* Base */ = {isa = PBXFileReference; lastKnownFileType = file.storyboard; name = Base; path = Base.lproj/LaunchScreen.storyboard; sourceTree = "<group>"; };
		203B773B205FEFE8006362C0 /* Info.plist */ = {isa = PBXFileReference; lastKnownFileType = text.plist.xml; path = Info.plist; sourceTree = "<group>"; };
		203B7741206011BE006362C0 /* ScoresTableViewController.swift */ = {isa = PBXFileReference; lastKnownFileType = sourcecode.swift; path = ScoresTableViewController.swift; sourceTree = "<group>"; };
		203B7743206011F6006362C0 /* DonneViewController.swift */ = {isa = PBXFileReference; lastKnownFileType = sourcecode.swift; path = DonneViewController.swift; sourceTree = "<group>"; };
		203B77452060124D006362C0 /* PlayersTableViewCell.swift */ = {isa = PBXFileReference; lastKnownFileType = sourcecode.swift; path = PlayersTableViewCell.swift; sourceTree = "<group>"; };
		203B77472060125B006362C0 /* TotalScoreTableViewCell.swift */ = {isa = PBXFileReference; lastKnownFileType = sourcecode.swift; path = TotalScoreTableViewCell.swift; sourceTree = "<group>"; };
		203B774920601264006362C0 /* DonneScoreTableViewCell.swift */ = {isa = PBXFileReference; lastKnownFileType = sourcecode.swift; path = DonneScoreTableViewCell.swift; sourceTree = "<group>"; };
		203B775220601B32006362C0 /* LTDMapi.framework */ = {isa = PBXFileReference; explicitFileType = wrapper.framework; includeInIndex = 0; path = LTDMapi.framework; sourceTree = BUILT_PRODUCTS_DIR; };
		203B775420601B32006362C0 /* LTDMapi.h */ = {isa = PBXFileReference; lastKnownFileType = sourcecode.c.h; path = LTDMapi.h; sourceTree = "<group>"; };
		203B775520601B32006362C0 /* Info.plist */ = {isa = PBXFileReference; lastKnownFileType = text.plist.xml; path = Info.plist; sourceTree = "<group>"; };
		203B776020601B81006362C0 /* TotalScoreViewModel.swift */ = {isa = PBXFileReference; lastKnownFileType = sourcecode.swift; path = TotalScoreViewModel.swift; sourceTree = "<group>"; };
		203B776220601B9A006362C0 /* ScoresViewModel.swift */ = {isa = PBXFileReference; lastKnownFileType = sourcecode.swift; path = ScoresViewModel.swift; sourceTree = "<group>"; };
		203B776420601BAC006362C0 /* PlayersViewModel.swift */ = {isa = PBXFileReference; lastKnownFileType = sourcecode.swift; path = PlayersViewModel.swift; sourceTree = "<group>"; };
		203B776820601C9B006362C0 /* DonneScoreViewModel.swift */ = {isa = PBXFileReference; lastKnownFileType = sourcecode.swift; path = DonneScoreViewModel.swift; sourceTree = "<group>"; };
		205799412063DFED009B855A /* R.generated.swift */ = {isa = PBXFileReference; fileEncoding = 4; lastKnownFileType = sourcecode.swift; path = R.generated.swift; sourceTree = SOURCE_ROOT; };
		207048EB20613C86006BA5D9 /* DonneViewModel.swift */ = {isa = PBXFileReference; lastKnownFileType = sourcecode.swift; path = DonneViewModel.swift; sourceTree = "<group>"; };
		6507B6D587BA25D4FDD551C4 /* Pods_LTDMapi.framework */ = {isa = PBXFileReference; explicitFileType = wrapper.framework; includeInIndex = 0; path = Pods_LTDMapi.framework; sourceTree = BUILT_PRODUCTS_DIR; };
		6B0EC885EF1C4456A54E8F64 /* Pods-Les Tarots du midi.debug.xcconfig */ = {isa = PBXFileReference; includeInIndex = 1; lastKnownFileType = text.xcconfig; name = "Pods-Les Tarots du midi.debug.xcconfig"; path = "Pods/Target Support Files/Pods-Les Tarots du midi/Pods-Les Tarots du midi.debug.xcconfig"; sourceTree = "<group>"; };
		7E8D62AD20701D95007C5DDE /* Model.swift */ = {isa = PBXFileReference; lastKnownFileType = sourcecode.swift; path = Model.swift; sourceTree = "<group>"; };
		8C2C179D29E45770D563873E /* Pods-Les Tarots du midi.release.xcconfig */ = {isa = PBXFileReference; includeInIndex = 1; lastKnownFileType = text.xcconfig; name = "Pods-Les Tarots du midi.release.xcconfig"; path = "Pods/Target Support Files/Pods-Les Tarots du midi/Pods-Les Tarots du midi.release.xcconfig"; sourceTree = "<group>"; };
/* End PBXFileReference section */

/* Begin PBXFrameworksBuildPhase section */
		203B7727205FEFE8006362C0 /* Frameworks */ = {
			isa = PBXFrameworksBuildPhase;
			buildActionMask = 2147483647;
			files = (
				203B775920601B32006362C0 /* LTDMapi.framework in Frameworks */,
				A9A393C456D51F569D62EE01 /* Pods_Les_Tarots_du_midi.framework in Frameworks */,
			);
			runOnlyForDeploymentPostprocessing = 0;
		};
		203B774E20601B32006362C0 /* Frameworks */ = {
			isa = PBXFrameworksBuildPhase;
			buildActionMask = 2147483647;
			files = (
				5196E442624B434962C35999 /* Pods_LTDMapi.framework in Frameworks */,
			);
			runOnlyForDeploymentPostprocessing = 0;
		};
/* End PBXFrameworksBuildPhase section */

/* Begin PBXGroup section */
		045BDC3CFFEC51649A70B561 /* Pods */ = {
			isa = PBXGroup;
			children = (
				059720971034EF62C6284A49 /* Pods-LTDMapi.debug.xcconfig */,
				079E3943615B1950FDDB90CE /* Pods-LTDMapi.release.xcconfig */,
				6B0EC885EF1C4456A54E8F64 /* Pods-Les Tarots du midi.debug.xcconfig */,
				8C2C179D29E45770D563873E /* Pods-Les Tarots du midi.release.xcconfig */,
			);
			name = Pods;
			sourceTree = "<group>";
		};
		1B2A80DE72137C23123931F5 /* Frameworks */ = {
			isa = PBXGroup;
			children = (
				6507B6D587BA25D4FDD551C4 /* Pods_LTDMapi.framework */,
				1A7C592B934DEE0CE8583414 /* Pods_Les_Tarots_du_midi.framework */,
			);
			name = Frameworks;
			sourceTree = "<group>";
		};
		203B7721205FEFE8006362C0 = {
			isa = PBXGroup;
			children = (
				203B772C205FEFE8006362C0 /* Les Tarots du midi */,
				203B775320601B32006362C0 /* LTDMapi */,
				203B772B205FEFE8006362C0 /* Products */,
				045BDC3CFFEC51649A70B561 /* Pods */,
				1B2A80DE72137C23123931F5 /* Frameworks */,
			);
			sourceTree = "<group>";
		};
		203B772B205FEFE8006362C0 /* Products */ = {
			isa = PBXGroup;
			children = (
				203B772A205FEFE8006362C0 /* Les Tarots du midi.app */,
				203B775220601B32006362C0 /* LTDMapi.framework */,
			);
			name = Products;
			sourceTree = "<group>";
		};
		203B772C205FEFE8006362C0 /* Les Tarots du midi */ = {
			isa = PBXGroup;
			children = (
				205799412063DFED009B855A /* R.generated.swift */,
				203B774C206012C6006362C0 /* Donne */,
				203B774B206012BF006362C0 /* Score */,
				203B772D205FEFE8006362C0 /* AppDelegate.swift */,
				203B7733205FEFE8006362C0 /* Main.storyboard */,
				203B7736205FEFE8006362C0 /* Assets.xcassets */,
				203B7738205FEFE8006362C0 /* LaunchScreen.storyboard */,
				203B773B205FEFE8006362C0 /* Info.plist */,
			);
			path = "Les Tarots du midi";
			sourceTree = "<group>";
		};
		203B774B206012BF006362C0 /* Score */ = {
			isa = PBXGroup;
			children = (
				203B774920601264006362C0 /* DonneScoreTableViewCell.swift */,
				203B77452060124D006362C0 /* PlayersTableViewCell.swift */,
				203B7741206011BE006362C0 /* ScoresTableViewController.swift */,
				203B77472060125B006362C0 /* TotalScoreTableViewCell.swift */,
			);
			path = Score;
			sourceTree = "<group>";
		};
		203B774C206012C6006362C0 /* Donne */ = {
			isa = PBXGroup;
			children = (
				203B7743206011F6006362C0 /* DonneViewController.swift */,
				20132481206560FC00ADAFEC /* FausseDonneViewController.swift */,
			);
			path = Donne;
			sourceTree = "<group>";
		};
		203B775320601B32006362C0 /* LTDMapi */ = {
			isa = PBXGroup;
			children = (
				203B775F20601B60006362C0 /* ViewModels */,
				203B775420601B32006362C0 /* LTDMapi.h */,
				203B775520601B32006362C0 /* Info.plist */,
			);
			path = LTDMapi;
			sourceTree = "<group>";
		};
		203B775F20601B60006362C0 /* ViewModels */ = {
			isa = PBXGroup;
			children = (
				203B776020601B81006362C0 /* TotalScoreViewModel.swift */,
				203B776220601B9A006362C0 /* ScoresViewModel.swift */,
				203B776420601BAC006362C0 /* PlayersViewModel.swift */,
				203B776820601C9B006362C0 /* DonneScoreViewModel.swift */,
				207048EB20613C86006BA5D9 /* DonneViewModel.swift */,
				7E8D62AD20701D95007C5DDE /* Model.swift */,
			);
			path = ViewModels;
			sourceTree = "<group>";
		};
/* End PBXGroup section */

/* Begin PBXHeadersBuildPhase section */
		203B774F20601B32006362C0 /* Headers */ = {
			isa = PBXHeadersBuildPhase;
			buildActionMask = 2147483647;
			files = (
				203B775620601B32006362C0 /* LTDMapi.h in Headers */,
			);
			runOnlyForDeploymentPostprocessing = 0;
		};
/* End PBXHeadersBuildPhase section */

/* Begin PBXNativeTarget section */
		203B7729205FEFE8006362C0 /* Les Tarots du midi */ = {
			isa = PBXNativeTarget;
			buildConfigurationList = 203B773E205FEFE8006362C0 /* Build configuration list for PBXNativeTarget "Les Tarots du midi" */;
			buildPhases = (
				592F2135D575DF8E47977E0A /* [CP] Check Pods Manifest.lock */,
				205799402063DFB9009B855A /* R */,
				203B7726205FEFE8006362C0 /* Sources */,
				203B7727205FEFE8006362C0 /* Frameworks */,
				203B7728205FEFE8006362C0 /* Resources */,
				205799432063E000009B855A /* SwiftLint */,
				203B775E20601B32006362C0 /* Embed Frameworks */,
				7550014E06E0E3681A7B0E74 /* [CP] Embed Pods Frameworks */,
				EB7641B11B9BCFEA2D1210E2 /* [CP] Copy Pods Resources */,
			);
			buildRules = (
			);
			dependencies = (
				203B775820601B32006362C0 /* PBXTargetDependency */,
			);
			name = "Les Tarots du midi";
			productName = "Les Tarots du midi";
			productReference = 203B772A205FEFE8006362C0 /* Les Tarots du midi.app */;
			productType = "com.apple.product-type.application";
		};
		203B775120601B32006362C0 /* LTDMapi */ = {
			isa = PBXNativeTarget;
			buildConfigurationList = 203B775B20601B32006362C0 /* Build configuration list for PBXNativeTarget "LTDMapi" */;
			buildPhases = (
				3CDD4F5984F4BB50B43B4329 /* [CP] Check Pods Manifest.lock */,
				203B774D20601B32006362C0 /* Sources */,
				203B774E20601B32006362C0 /* Frameworks */,
				203B774F20601B32006362C0 /* Headers */,
				203B775020601B32006362C0 /* Resources */,
				ACA16BEFAC537E5FF0A9971F /* [CP] Copy Pods Resources */,
			);
			buildRules = (
			);
			dependencies = (
			);
			name = LTDMapi;
			productName = LTDMapi;
			productReference = 203B775220601B32006362C0 /* LTDMapi.framework */;
			productType = "com.apple.product-type.framework";
		};
/* End PBXNativeTarget section */

/* Begin PBXProject section */
		203B7722205FEFE8006362C0 /* Project object */ = {
			isa = PBXProject;
			attributes = {
				LastSwiftUpdateCheck = 0920;
				LastUpgradeCheck = 0920;
				TargetAttributes = {
					203B7729205FEFE8006362C0 = {
						CreatedOnToolsVersion = 9.2;
						ProvisioningStyle = Automatic;
					};
					203B775120601B32006362C0 = {
						CreatedOnToolsVersion = 9.2;
						LastSwiftMigration = 0920;
						ProvisioningStyle = Automatic;
					};
				};
			};
			buildConfigurationList = 203B7725205FEFE8006362C0 /* Build configuration list for PBXProject "Les Tarots du midi" */;
			compatibilityVersion = "Xcode 8.0";
			developmentRegion = en;
			hasScannedForEncodings = 0;
			knownRegions = (
				en,
				Base,
			);
			mainGroup = 203B7721205FEFE8006362C0;
			productRefGroup = 203B772B205FEFE8006362C0 /* Products */;
			projectDirPath = "";
			projectRoot = "";
			targets = (
				203B7729205FEFE8006362C0 /* Les Tarots du midi */,
				203B775120601B32006362C0 /* LTDMapi */,
			);
		};
/* End PBXProject section */

/* Begin PBXResourcesBuildPhase section */
		203B7728205FEFE8006362C0 /* Resources */ = {
			isa = PBXResourcesBuildPhase;
			buildActionMask = 2147483647;
			files = (
				203B773A205FEFE8006362C0 /* LaunchScreen.storyboard in Resources */,
				203B7737205FEFE8006362C0 /* Assets.xcassets in Resources */,
				203B7735205FEFE8006362C0 /* Main.storyboard in Resources */,
			);
			runOnlyForDeploymentPostprocessing = 0;
		};
		203B775020601B32006362C0 /* Resources */ = {
			isa = PBXResourcesBuildPhase;
			buildActionMask = 2147483647;
			files = (
			);
			runOnlyForDeploymentPostprocessing = 0;
		};
/* End PBXResourcesBuildPhase section */

/* Begin PBXShellScriptBuildPhase section */
		205799402063DFB9009B855A /* R */ = {
			isa = PBXShellScriptBuildPhase;
			buildActionMask = 2147483647;
			files = (
			);
			inputPaths = (
			);
			name = R;
			outputPaths = (
			);
			runOnlyForDeploymentPostprocessing = 0;
			shellPath = /bin/sh;
			shellScript = "\"$PODS_ROOT/R.swift/rswift\" \"generate\" \"$SRCROOT\"";
		};
		205799432063E000009B855A /* SwiftLint */ = {
			isa = PBXShellScriptBuildPhase;
			buildActionMask = 2147483647;
			files = (
			);
			inputPaths = (
			);
			name = SwiftLint;
			outputPaths = (
			);
			runOnlyForDeploymentPostprocessing = 0;
			shellPath = /bin/sh;
			shellScript = "\"${PODS_ROOT}/SwiftLint/swiftlint\"";
		};
		3CDD4F5984F4BB50B43B4329 /* [CP] Check Pods Manifest.lock */ = {
			isa = PBXShellScriptBuildPhase;
			buildActionMask = 2147483647;
			files = (
			);
			inputPaths = (
				"${PODS_PODFILE_DIR_PATH}/Podfile.lock",
				"${PODS_ROOT}/Manifest.lock",
			);
			name = "[CP] Check Pods Manifest.lock";
			outputPaths = (
				"$(DERIVED_FILE_DIR)/Pods-LTDMapi-checkManifestLockResult.txt",
			);
			runOnlyForDeploymentPostprocessing = 0;
			shellPath = /bin/sh;
			shellScript = "diff \"${PODS_PODFILE_DIR_PATH}/Podfile.lock\" \"${PODS_ROOT}/Manifest.lock\" > /dev/null\nif [ $? != 0 ] ; then\n    # print error to STDERR\n    echo \"error: The sandbox is not in sync with the Podfile.lock. Run 'pod install' or update your CocoaPods installation.\" >&2\n    exit 1\nfi\n# This output is used by Xcode 'outputs' to avoid re-running this script phase.\necho \"SUCCESS\" > \"${SCRIPT_OUTPUT_FILE_0}\"\n";
			showEnvVarsInLog = 0;
		};
		592F2135D575DF8E47977E0A /* [CP] Check Pods Manifest.lock */ = {
			isa = PBXShellScriptBuildPhase;
			buildActionMask = 2147483647;
			files = (
			);
			inputPaths = (
				"${PODS_PODFILE_DIR_PATH}/Podfile.lock",
				"${PODS_ROOT}/Manifest.lock",
			);
			name = "[CP] Check Pods Manifest.lock";
			outputPaths = (
				"$(DERIVED_FILE_DIR)/Pods-Les Tarots du midi-checkManifestLockResult.txt",
			);
			runOnlyForDeploymentPostprocessing = 0;
			shellPath = /bin/sh;
			shellScript = "diff \"${PODS_PODFILE_DIR_PATH}/Podfile.lock\" \"${PODS_ROOT}/Manifest.lock\" > /dev/null\nif [ $? != 0 ] ; then\n    # print error to STDERR\n    echo \"error: The sandbox is not in sync with the Podfile.lock. Run 'pod install' or update your CocoaPods installation.\" >&2\n    exit 1\nfi\n# This output is used by Xcode 'outputs' to avoid re-running this script phase.\necho \"SUCCESS\" > \"${SCRIPT_OUTPUT_FILE_0}\"\n";
			showEnvVarsInLog = 0;
		};
		7550014E06E0E3681A7B0E74 /* [CP] Embed Pods Frameworks */ = {
			isa = PBXShellScriptBuildPhase;
			buildActionMask = 2147483647;
			files = (
			);
			inputPaths = (
				"${SRCROOT}/Pods/Target Support Files/Pods-Les Tarots du midi/Pods-Les Tarots du midi-frameworks.sh",
				"${BUILT_PRODUCTS_DIR}/FLAnimatedImage/FLAnimatedImage.framework",
				"${BUILT_PRODUCTS_DIR}/GiphySwift/GiphySwift.framework",
				"${BUILT_PRODUCTS_DIR}/R.swift.Library/Rswift.framework",
			);
			name = "[CP] Embed Pods Frameworks";
			outputPaths = (
				"${TARGET_BUILD_DIR}/${FRAMEWORKS_FOLDER_PATH}/FLAnimatedImage.framework",
				"${TARGET_BUILD_DIR}/${FRAMEWORKS_FOLDER_PATH}/GiphySwift.framework",
				"${TARGET_BUILD_DIR}/${FRAMEWORKS_FOLDER_PATH}/Rswift.framework",
			);
			runOnlyForDeploymentPostprocessing = 0;
			shellPath = /bin/sh;
			shellScript = "\"${SRCROOT}/Pods/Target Support Files/Pods-Les Tarots du midi/Pods-Les Tarots du midi-frameworks.sh\"\n";
			showEnvVarsInLog = 0;
		};
		ACA16BEFAC537E5FF0A9971F /* [CP] Copy Pods Resources */ = {
			isa = PBXShellScriptBuildPhase;
			buildActionMask = 2147483647;
			files = (
			);
			inputPaths = (
			);
			name = "[CP] Copy Pods Resources";
			outputPaths = (
			);
			runOnlyForDeploymentPostprocessing = 0;
			shellPath = /bin/sh;
			shellScript = "\"${SRCROOT}/Pods/Target Support Files/Pods-LTDMapi/Pods-LTDMapi-resources.sh\"\n";
			showEnvVarsInLog = 0;
		};
		EB7641B11B9BCFEA2D1210E2 /* [CP] Copy Pods Resources */ = {
			isa = PBXShellScriptBuildPhase;
			buildActionMask = 2147483647;
			files = (
			);
			inputPaths = (
			);
			name = "[CP] Copy Pods Resources";
			outputPaths = (
			);
			runOnlyForDeploymentPostprocessing = 0;
			shellPath = /bin/sh;
			shellScript = "\"${SRCROOT}/Pods/Target Support Files/Pods-Les Tarots du midi/Pods-Les Tarots du midi-resources.sh\"\n";
			showEnvVarsInLog = 0;
		};
/* End PBXShellScriptBuildPhase section */

/* Begin PBXSourcesBuildPhase section */
		203B7726205FEFE8006362C0 /* Sources */ = {
			isa = PBXSourcesBuildPhase;
			buildActionMask = 2147483647;
			files = (
				203B77462060124D006362C0 /* PlayersTableViewCell.swift in Sources */,
				205799422063DFED009B855A /* R.generated.swift in Sources */,
				203B77482060125B006362C0 /* TotalScoreTableViewCell.swift in Sources */,
				203B7742206011BE006362C0 /* ScoresTableViewController.swift in Sources */,
				20132482206560FC00ADAFEC /* FausseDonneViewController.swift in Sources */,
				203B772E205FEFE8006362C0 /* AppDelegate.swift in Sources */,
				203B7744206011F6006362C0 /* DonneViewController.swift in Sources */,
				203B774A20601264006362C0 /* DonneScoreTableViewCell.swift in Sources */,
			);
			runOnlyForDeploymentPostprocessing = 0;
		};
		203B774D20601B32006362C0 /* Sources */ = {
			isa = PBXSourcesBuildPhase;
			buildActionMask = 2147483647;
			files = (
				207048EC20613C86006BA5D9 /* DonneViewModel.swift in Sources */,
				203B776920601C9B006362C0 /* DonneScoreViewModel.swift in Sources */,
				203B776520601BAC006362C0 /* PlayersViewModel.swift in Sources */,
				203B776120601B81006362C0 /* TotalScoreViewModel.swift in Sources */,
				7E8D62AE20701D95007C5DDE /* Model.swift in Sources */,
				203B776320601B9A006362C0 /* ScoresViewModel.swift in Sources */,
			);
			runOnlyForDeploymentPostprocessing = 0;
		};
/* End PBXSourcesBuildPhase section */

/* Begin PBXTargetDependency section */
		203B775820601B32006362C0 /* PBXTargetDependency */ = {
			isa = PBXTargetDependency;
			target = 203B775120601B32006362C0 /* LTDMapi */;
			targetProxy = 203B775720601B32006362C0 /* PBXContainerItemProxy */;
		};
/* End PBXTargetDependency section */

/* Begin PBXVariantGroup section */
		203B7733205FEFE8006362C0 /* Main.storyboard */ = {
			isa = PBXVariantGroup;
			children = (
				203B7734205FEFE8006362C0 /* Base */,
			);
			name = Main.storyboard;
			sourceTree = "<group>";
		};
		203B7738205FEFE8006362C0 /* LaunchScreen.storyboard */ = {
			isa = PBXVariantGroup;
			children = (
				203B7739205FEFE8006362C0 /* Base */,
			);
			name = LaunchScreen.storyboard;
			sourceTree = "<group>";
		};
/* End PBXVariantGroup section */

/* Begin XCBuildConfiguration section */
		203B773C205FEFE8006362C0 /* Debug */ = {
			isa = XCBuildConfiguration;
			buildSettings = {
				ALWAYS_SEARCH_USER_PATHS = NO;
				CLANG_ANALYZER_NONNULL = YES;
				CLANG_ANALYZER_NUMBER_OBJECT_CONVERSION = YES_AGGRESSIVE;
				CLANG_CXX_LANGUAGE_STANDARD = "gnu++14";
				CLANG_CXX_LIBRARY = "libc++";
				CLANG_ENABLE_MODULES = YES;
				CLANG_ENABLE_OBJC_ARC = YES;
				CLANG_WARN_BLOCK_CAPTURE_AUTORELEASING = YES;
				CLANG_WARN_BOOL_CONVERSION = YES;
				CLANG_WARN_COMMA = YES;
				CLANG_WARN_CONSTANT_CONVERSION = YES;
				CLANG_WARN_DIRECT_OBJC_ISA_USAGE = YES_ERROR;
				CLANG_WARN_DOCUMENTATION_COMMENTS = YES;
				CLANG_WARN_EMPTY_BODY = YES;
				CLANG_WARN_ENUM_CONVERSION = YES;
				CLANG_WARN_INFINITE_RECURSION = YES;
				CLANG_WARN_INT_CONVERSION = YES;
				CLANG_WARN_NON_LITERAL_NULL_CONVERSION = YES;
				CLANG_WARN_OBJC_LITERAL_CONVERSION = YES;
				CLANG_WARN_OBJC_ROOT_CLASS = YES_ERROR;
				CLANG_WARN_RANGE_LOOP_ANALYSIS = YES;
				CLANG_WARN_STRICT_PROTOTYPES = YES;
				CLANG_WARN_SUSPICIOUS_MOVE = YES;
				CLANG_WARN_UNGUARDED_AVAILABILITY = YES_AGGRESSIVE;
				CLANG_WARN_UNREACHABLE_CODE = YES;
				CLANG_WARN__DUPLICATE_METHOD_MATCH = YES;
				CODE_SIGN_IDENTITY = "iPhone Developer";
				COPY_PHASE_STRIP = NO;
				DEBUG_INFORMATION_FORMAT = dwarf;
				ENABLE_STRICT_OBJC_MSGSEND = YES;
				ENABLE_TESTABILITY = YES;
				GCC_C_LANGUAGE_STANDARD = gnu11;
				GCC_DYNAMIC_NO_PIC = NO;
				GCC_NO_COMMON_BLOCKS = YES;
				GCC_OPTIMIZATION_LEVEL = 0;
				GCC_PREPROCESSOR_DEFINITIONS = (
					"DEBUG=1",
					"$(inherited)",
				);
				GCC_WARN_64_TO_32_BIT_CONVERSION = YES;
				GCC_WARN_ABOUT_RETURN_TYPE = YES_ERROR;
				GCC_WARN_UNDECLARED_SELECTOR = YES;
				GCC_WARN_UNINITIALIZED_AUTOS = YES_AGGRESSIVE;
				GCC_WARN_UNUSED_FUNCTION = YES;
				GCC_WARN_UNUSED_VARIABLE = YES;
				IPHONEOS_DEPLOYMENT_TARGET = 11.2;
				MTL_ENABLE_DEBUG_INFO = YES;
				ONLY_ACTIVE_ARCH = YES;
				SDKROOT = iphoneos;
				SWIFT_ACTIVE_COMPILATION_CONDITIONS = DEBUG;
				SWIFT_OPTIMIZATION_LEVEL = "-Onone";
			};
			name = Debug;
		};
		203B773D205FEFE8006362C0 /* Release */ = {
			isa = XCBuildConfiguration;
			buildSettings = {
				ALWAYS_SEARCH_USER_PATHS = NO;
				CLANG_ANALYZER_NONNULL = YES;
				CLANG_ANALYZER_NUMBER_OBJECT_CONVERSION = YES_AGGRESSIVE;
				CLANG_CXX_LANGUAGE_STANDARD = "gnu++14";
				CLANG_CXX_LIBRARY = "libc++";
				CLANG_ENABLE_MODULES = YES;
				CLANG_ENABLE_OBJC_ARC = YES;
				CLANG_WARN_BLOCK_CAPTURE_AUTORELEASING = YES;
				CLANG_WARN_BOOL_CONVERSION = YES;
				CLANG_WARN_COMMA = YES;
				CLANG_WARN_CONSTANT_CONVERSION = YES;
				CLANG_WARN_DIRECT_OBJC_ISA_USAGE = YES_ERROR;
				CLANG_WARN_DOCUMENTATION_COMMENTS = YES;
				CLANG_WARN_EMPTY_BODY = YES;
				CLANG_WARN_ENUM_CONVERSION = YES;
				CLANG_WARN_INFINITE_RECURSION = YES;
				CLANG_WARN_INT_CONVERSION = YES;
				CLANG_WARN_NON_LITERAL_NULL_CONVERSION = YES;
				CLANG_WARN_OBJC_LITERAL_CONVERSION = YES;
				CLANG_WARN_OBJC_ROOT_CLASS = YES_ERROR;
				CLANG_WARN_RANGE_LOOP_ANALYSIS = YES;
				CLANG_WARN_STRICT_PROTOTYPES = YES;
				CLANG_WARN_SUSPICIOUS_MOVE = YES;
				CLANG_WARN_UNGUARDED_AVAILABILITY = YES_AGGRESSIVE;
				CLANG_WARN_UNREACHABLE_CODE = YES;
				CLANG_WARN__DUPLICATE_METHOD_MATCH = YES;
				CODE_SIGN_IDENTITY = "iPhone Developer";
				COPY_PHASE_STRIP = NO;
				DEBUG_INFORMATION_FORMAT = "dwarf-with-dsym";
				ENABLE_NS_ASSERTIONS = NO;
				ENABLE_STRICT_OBJC_MSGSEND = YES;
				GCC_C_LANGUAGE_STANDARD = gnu11;
				GCC_NO_COMMON_BLOCKS = YES;
				GCC_WARN_64_TO_32_BIT_CONVERSION = YES;
				GCC_WARN_ABOUT_RETURN_TYPE = YES_ERROR;
				GCC_WARN_UNDECLARED_SELECTOR = YES;
				GCC_WARN_UNINITIALIZED_AUTOS = YES_AGGRESSIVE;
				GCC_WARN_UNUSED_FUNCTION = YES;
				GCC_WARN_UNUSED_VARIABLE = YES;
				IPHONEOS_DEPLOYMENT_TARGET = 11.2;
				MTL_ENABLE_DEBUG_INFO = NO;
				SDKROOT = iphoneos;
				SWIFT_OPTIMIZATION_LEVEL = "-Owholemodule";
				VALIDATE_PRODUCT = YES;
			};
			name = Release;
		};
		203B773F205FEFE8006362C0 /* Debug */ = {
			isa = XCBuildConfiguration;
			baseConfigurationReference = 6B0EC885EF1C4456A54E8F64 /* Pods-Les Tarots du midi.debug.xcconfig */;
			buildSettings = {
				ALWAYS_EMBED_SWIFT_STANDARD_LIBRARIES = "$(inherited)";
				ASSETCATALOG_COMPILER_APPICON_NAME = AppIcon;
				CODE_SIGN_STYLE = Automatic;
				DEVELOPMENT_TEAM = HWZWWZ9R75;
				INFOPLIST_FILE = "Les Tarots du midi/Info.plist";
				LD_RUNPATH_SEARCH_PATHS = "$(inherited) @executable_path/Frameworks";
				PRODUCT_BUNDLE_IDENTIFIER = "fr.plop.Les-Tarots-du-midi";
				PRODUCT_NAME = "$(TARGET_NAME)";
				SWIFT_VERSION = 4.0;
				TARGETED_DEVICE_FAMILY = "1,2";
			};
			name = Debug;
		};
		203B7740205FEFE8006362C0 /* Release */ = {
			isa = XCBuildConfiguration;
			baseConfigurationReference = 8C2C179D29E45770D563873E /* Pods-Les Tarots du midi.release.xcconfig */;
			buildSettings = {
				ALWAYS_EMBED_SWIFT_STANDARD_LIBRARIES = "$(inherited)";
				ASSETCATALOG_COMPILER_APPICON_NAME = AppIcon;
				CODE_SIGN_STYLE = Automatic;
				DEVELOPMENT_TEAM = HWZWWZ9R75;
				INFOPLIST_FILE = "Les Tarots du midi/Info.plist";
				LD_RUNPATH_SEARCH_PATHS = "$(inherited) @executable_path/Frameworks";
				PRODUCT_BUNDLE_IDENTIFIER = "fr.plop.Les-Tarots-du-midi";
				PRODUCT_NAME = "$(TARGET_NAME)";
				SWIFT_VERSION = 4.0;
				TARGETED_DEVICE_FAMILY = "1,2";
			};
			name = Release;
		};
		203B775C20601B32006362C0 /* Debug */ = {
			isa = XCBuildConfiguration;
			baseConfigurationReference = 059720971034EF62C6284A49 /* Pods-LTDMapi.debug.xcconfig */;
			buildSettings = {
				CLANG_ENABLE_MODULES = YES;
				CODE_SIGN_IDENTITY = "";
				CODE_SIGN_STYLE = Automatic;
				CURRENT_PROJECT_VERSION = 1;
				DEFINES_MODULE = YES;
				DYLIB_COMPATIBILITY_VERSION = 1;
				DYLIB_CURRENT_VERSION = 1;
				DYLIB_INSTALL_NAME_BASE = "@rpath";
				INFOPLIST_FILE = LTDMapi/Info.plist;
				INSTALL_PATH = "$(LOCAL_LIBRARY_DIR)/Frameworks";
				LD_RUNPATH_SEARCH_PATHS = "$(inherited) @executable_path/Frameworks @loader_path/Frameworks";
				PRODUCT_BUNDLE_IDENTIFIER = fr.plop.LTDMapi;
				PRODUCT_NAME = "$(TARGET_NAME:c99extidentifier)";
				SKIP_INSTALL = YES;
				SWIFT_OPTIMIZATION_LEVEL = "-Onone";
				SWIFT_VERSION = 4.0;
				TARGETED_DEVICE_FAMILY = "1,2";
				VERSIONING_SYSTEM = "apple-generic";
				VERSION_INFO_PREFIX = "";
			};
			name = Debug;
		};
		203B775D20601B32006362C0 /* Release */ = {
			isa = XCBuildConfiguration;
			baseConfigurationReference = 079E3943615B1950FDDB90CE /* Pods-LTDMapi.release.xcconfig */;
			buildSettings = {
				CLANG_ENABLE_MODULES = YES;
				CODE_SIGN_IDENTITY = "";
				CODE_SIGN_STYLE = Automatic;
				CURRENT_PROJECT_VERSION = 1;
				DEFINES_MODULE = YES;
				DYLIB_COMPATIBILITY_VERSION = 1;
				DYLIB_CURRENT_VERSION = 1;
				DYLIB_INSTALL_NAME_BASE = "@rpath";
				INFOPLIST_FILE = LTDMapi/Info.plist;
				INSTALL_PATH = "$(LOCAL_LIBRARY_DIR)/Frameworks";
				LD_RUNPATH_SEARCH_PATHS = "$(inherited) @executable_path/Frameworks @loader_path/Frameworks";
				PRODUCT_BUNDLE_IDENTIFIER = fr.plop.LTDMapi;
				PRODUCT_NAME = "$(TARGET_NAME:c99extidentifier)";
				SKIP_INSTALL = YES;
				SWIFT_VERSION = 4.0;
				TARGETED_DEVICE_FAMILY = "1,2";
				VERSIONING_SYSTEM = "apple-generic";
				VERSION_INFO_PREFIX = "";
			};
			name = Release;
		};
/* End XCBuildConfiguration section */

/* Begin XCConfigurationList section */
		203B7725205FEFE8006362C0 /* Build configuration list for PBXProject "Les Tarots du midi" */ = {
			isa = XCConfigurationList;
			buildConfigurations = (
				203B773C205FEFE8006362C0 /* Debug */,
				203B773D205FEFE8006362C0 /* Release */,
			);
			defaultConfigurationIsVisible = 0;
			defaultConfigurationName = Release;
		};
		203B773E205FEFE8006362C0 /* Build configuration list for PBXNativeTarget "Les Tarots du midi" */ = {
			isa = XCConfigurationList;
			buildConfigurations = (
				203B773F205FEFE8006362C0 /* Debug */,
				203B7740205FEFE8006362C0 /* Release */,
			);
			defaultConfigurationIsVisible = 0;
			defaultConfigurationName = Release;
		};
		203B775B20601B32006362C0 /* Build configuration list for PBXNativeTarget "LTDMapi" */ = {
			isa = XCConfigurationList;
			buildConfigurations = (
				203B775C20601B32006362C0 /* Debug */,
				203B775D20601B32006362C0 /* Release */,
			);
			defaultConfigurationIsVisible = 0;
			defaultConfigurationName = Release;
		};
/* End XCConfigurationList section */
	};
	rootObject = 203B7722205FEFE8006362C0 /* Project object */;
}
